
Microsoft Visual Studio Solution File, Format Version 12.00
# Visual Studio 15
VisualStudioVersion = 15.0.28307.271
MinimumVisualStudioVersion = 10.0.40219.1
Project("{888888A0-9F3D-457C-B088-3A5042F75D52}") = "Django_Blog_App", "Django_Blog_App\Django_Blog_App.pyproj", "{50DB9043-B9E9-4829-9DF5-F72133DD4DE0}"
EndProject
Global
	GlobalSection(SolutionConfigurationPlatforms) = preSolution
		Debug|Any CPU = Debug|Any CPU
		Release|Any CPU = Release|Any CPU
	EndGlobalSection
	GlobalSection(ProjectConfigurationPlatforms) = postSolution
		{50DB9043-B9E9-4829-9DF5-F72133DD4DE0}.Debug|Any CPU.ActiveCfg = Debug|Any CPU
		{50DB9043-B9E9-4829-9DF5-F72133DD4DE0}.Debug|Any CPU.Build.0 = Debug|Any CPU
		{50DB9043-B9E9-4829-9DF5-F72133DD4DE0}.Release|Any CPU.ActiveCfg = Release|Any CPU
		{50DB9043-B9E9-4829-9DF5-F72133DD4DE0}.Release|Any CPU.Build.0 = Release|Any CPU
	EndGlobalSection
	GlobalSection(SolutionProperties) = preSolution
		HideSolutionNode = FALSE
	EndGlobalSection
	GlobalSection(ExtensibilityGlobals) = postSolution
		SolutionGuid = {3F59AD85-79BF-4901-A93C-E176247158C7}
	EndGlobalSection
EndGlobal
